
Microsoft Visual Studio Solution File, Format Version 12.00
# Visual Studio Version 17
VisualStudioVersion = 17.8.34316.72
MinimumVisualStudioVersion = 10.0.40219.1
Project("{9A19103F-16F7-4668-BE54-9A1E7A4F7556}") = "WFA001", "WFA001\WFA001.csproj", "{218335C9-7AD9-405D-9ED1-70A1D80C4DCD}"
EndProject
Project("{9A19103F-16F7-4668-BE54-9A1E7A4F7556}") = "WFA002", "WFA002\WFA002.csproj", "{1E32E40E-6964-46C0-94F0-28347900F57D}"
EndProject
Project("{9A19103F-16F7-4668-BE54-9A1E7A4F7556}") = "WFA003", "WFA003\WFA003.csproj", "{BF9E385D-76B6-417A-A40F-1187C4061DF8}"
EndProject
Project("{9A19103F-16F7-4668-BE54-9A1E7A4F7556}") = "WFA004", "WFA004\WFA004.csproj", "{1869A29D-3815-4EB9-A168-6F11E53C6453}"
EndProject
Project("{9A19103F-16F7-4668-BE54-9A1E7A4F7556}") = "WFA005", "WFA005\WFA005.csproj", "{CE1F21BF-5658-47BA-BF22-1F67FBF158C2}"
EndProject
Project("{9A19103F-16F7-4668-BE54-9A1E7A4F7556}") = "WFA006", "WFA006\WFA006.csproj", "{B1B41A06-1A4A-4998-AE51-E748955FB4F5}"
EndProject
Project("{FAE04EC0-301F-11D3-BF4B-00C04F79EFBC}") = "WFA007", "WFA007\WFA007.csproj", "{D3FE1A9C-E539-4DE6-87AF-5EE8FBDF0E5A}"
EndProject
Project("{FAE04EC0-301F-11D3-BF4B-00C04F79EFBC}") = "WFA008", "WFA008\WFA008.csproj", "{E01CAC5B-F652-4882-8D74-F05304E49A71}"
EndProject
Global
	GlobalSection(SolutionConfigurationPlatforms) = preSolution
		Debug|Any CPU = Debug|Any CPU
		Release|Any CPU = Release|Any CPU
	EndGlobalSection
	GlobalSection(ProjectConfigurationPlatforms) = postSolution
		{218335C9-7AD9-405D-9ED1-70A1D80C4DCD}.Debug|Any CPU.ActiveCfg = Debug|Any CPU
		{218335C9-7AD9-405D-9ED1-70A1D80C4DCD}.Debug|Any CPU.Build.0 = Debug|Any CPU
		{218335C9-7AD9-405D-9ED1-70A1D80C4DCD}.Release|Any CPU.ActiveCfg = Release|Any CPU
		{218335C9-7AD9-405D-9ED1-70A1D80C4DCD}.Release|Any CPU.Build.0 = Release|Any CPU
		{1E32E40E-6964-46C0-94F0-28347900F57D}.Debug|Any CPU.ActiveCfg = Debug|Any CPU
		{1E32E40E-6964-46C0-94F0-28347900F57D}.Debug|Any CPU.Build.0 = Debug|Any CPU
		{1E32E40E-6964-46C0-94F0-28347900F57D}.Release|Any CPU.ActiveCfg = Release|Any CPU
		{1E32E40E-6964-46C0-94F0-28347900F57D}.Release|Any CPU.Build.0 = Release|Any CPU
		{BF9E385D-76B6-417A-A40F-1187C4061DF8}.Debug|Any CPU.ActiveCfg = Debug|Any CPU
		{BF9E385D-76B6-417A-A40F-1187C4061DF8}.Debug|Any CPU.Build.0 = Debug|Any CPU
		{BF9E385D-76B6-417A-A40F-1187C4061DF8}.Release|Any CPU.ActiveCfg = Release|Any CPU
		{BF9E385D-76B6-417A-A40F-1187C4061DF8}.Release|Any CPU.Build.0 = Release|Any CPU
		{1869A29D-3815-4EB9-A168-6F11E53C6453}.Debug|Any CPU.ActiveCfg = Debug|Any CPU
		{1869A29D-3815-4EB9-A168-6F11E53C6453}.Debug|Any CPU.Build.0 = Debug|Any CPU
		{1869A29D-3815-4EB9-A168-6F11E53C6453}.Release|Any CPU.ActiveCfg = Release|Any CPU
		{1869A29D-3815-4EB9-A168-6F11E53C6453}.Release|Any CPU.Build.0 = Release|Any CPU
		{CE1F21BF-5658-47BA-BF22-1F67FBF158C2}.Debug|Any CPU.ActiveCfg = Debug|Any CPU
		{CE1F21BF-5658-47BA-BF22-1F67FBF158C2}.Debug|Any CPU.Build.0 = Debug|Any CPU
		{CE1F21BF-5658-47BA-BF22-1F67FBF158C2}.Release|Any CPU.ActiveCfg = Release|Any CPU
		{CE1F21BF-5658-47BA-BF22-1F67FBF158C2}.Release|Any CPU.Build.0 = Release|Any CPU
		{B1B41A06-1A4A-4998-AE51-E748955FB4F5}.Debug|Any CPU.ActiveCfg = Debug|Any CPU
		{B1B41A06-1A4A-4998-AE51-E748955FB4F5}.Debug|Any CPU.Build.0 = Debug|Any CPU
		{B1B41A06-1A4A-4998-AE51-E748955FB4F5}.Release|Any CPU.ActiveCfg = Release|Any CPU
		{B1B41A06-1A4A-4998-AE51-E748955FB4F5}.Release|Any CPU.Build.0 = Release|Any CPU
		{D3FE1A9C-E539-4DE6-87AF-5EE8FBDF0E5A}.Debug|Any CPU.ActiveCfg = Debug|Any CPU
		{D3FE1A9C-E539-4DE6-87AF-5EE8FBDF0E5A}.Debug|Any CPU.Build.0 = Debug|Any CPU
		{D3FE1A9C-E539-4DE6-87AF-5EE8FBDF0E5A}.Release|Any CPU.ActiveCfg = Release|Any CPU
		{D3FE1A9C-E539-4DE6-87AF-5EE8FBDF0E5A}.Release|Any CPU.Build.0 = Release|Any CPU
		{E01CAC5B-F652-4882-8D74-F05304E49A71}.Debug|Any CPU.ActiveCfg = Debug|Any CPU
		{E01CAC5B-F652-4882-8D74-F05304E49A71}.Debug|Any CPU.Build.0 = Debug|Any CPU
		{E01CAC5B-F652-4882-8D74-F05304E49A71}.Release|Any CPU.ActiveCfg = Release|Any CPU
		{E01CAC5B-F652-4882-8D74-F05304E49A71}.Release|Any CPU.Build.0 = Release|Any CPU
	EndGlobalSection
	GlobalSection(SolutionProperties) = preSolution
		HideSolutionNode = FALSE
	EndGlobalSection
	GlobalSection(ExtensibilityGlobals) = postSolution
		SolutionGuid = {09871EF3-398E-4E2E-A05B-EDE0375EC142}
	EndGlobalSection
EndGlobal
